
Microsoft Visual Studio Solution File, Format Version 12.00
# Visual Studio Version 16
VisualStudioVersion = 16.0.33801.447
MinimumVisualStudioVersion = 10.0.40219.1
Project("{FAE04EC0-301F-11D3-BF4B-00C04F79EFBC}") = "ProjetoFacul.Models", "ProjetoFacul.Models\ProjetoFacul.Models.csproj", "{FE3D9442-69C5-45DC-8F56-E7B262B2560A}"
EndProject
Project("{FAE04EC0-301F-11D3-BF4B-00C04F79EFBC}") = "ProjetoFacul.DAL", "ProjetoFacul.DAL\ProjetoFacul.DAL.csproj", "{28C121B5-FD96-450A-9B5E-55083A6542AD}"
EndProject
Project("{FAE04EC0-301F-11D3-BF4B-00C04F79EFBC}") = "ProjetoFacul.BLL", "ProjetoFacul.BLL\ProjetoFacul.BLL.csproj", "{BA9D39D6-3210-40F8-A597-56039C51386F}"
EndProject
Project("{FAE04EC0-301F-11D3-BF4B-00C04F79EFBC}") = "ProjetoFacul.UI.Web", "ProjetoFacul.UI.Web\ProjetoFacul.UI.Web.csproj", "{4E1C5AC0-76D6-4D7E-8F1F-209E95F2C257}"
EndProject
Global
	GlobalSection(SolutionConfigurationPlatforms) = preSolution
		Debug|Any CPU = Debug|Any CPU
		Release|Any CPU = Release|Any CPU
	EndGlobalSection
	GlobalSection(ProjectConfigurationPlatforms) = postSolution
		{FE3D9442-69C5-45DC-8F56-E7B262B2560A}.Debug|Any CPU.ActiveCfg = Debug|Any CPU
		{FE3D9442-69C5-45DC-8F56-E7B262B2560A}.Debug|Any CPU.Build.0 = Debug|Any CPU
		{FE3D9442-69C5-45DC-8F56-E7B262B2560A}.Release|Any CPU.ActiveCfg = Release|Any CPU
		{FE3D9442-69C5-45DC-8F56-E7B262B2560A}.Release|Any CPU.Build.0 = Release|Any CPU
		{28C121B5-FD96-450A-9B5E-55083A6542AD}.Debug|Any CPU.ActiveCfg = Debug|Any CPU
		{28C121B5-FD96-450A-9B5E-55083A6542AD}.Debug|Any CPU.Build.0 = Debug|Any CPU
		{28C121B5-FD96-450A-9B5E-55083A6542AD}.Release|Any CPU.ActiveCfg = Release|Any CPU
		{28C121B5-FD96-450A-9B5E-55083A6542AD}.Release|Any CPU.Build.0 = Release|Any CPU
		{BA9D39D6-3210-40F8-A597-56039C51386F}.Debug|Any CPU.ActiveCfg = Debug|Any CPU
		{BA9D39D6-3210-40F8-A597-56039C51386F}.Debug|Any CPU.Build.0 = Debug|Any CPU
		{BA9D39D6-3210-40F8-A597-56039C51386F}.Release|Any CPU.ActiveCfg = Release|Any CPU
		{BA9D39D6-3210-40F8-A597-56039C51386F}.Release|Any CPU.Build.0 = Release|Any CPU
		{4E1C5AC0-76D6-4D7E-8F1F-209E95F2C257}.Debug|Any CPU.ActiveCfg = Debug|Any CPU
		{4E1C5AC0-76D6-4D7E-8F1F-209E95F2C257}.Debug|Any CPU.Build.0 = Debug|Any CPU
		{4E1C5AC0-76D6-4D7E-8F1F-209E95F2C257}.Release|Any CPU.ActiveCfg = Release|Any CPU
		{4E1C5AC0-76D6-4D7E-8F1F-209E95F2C257}.Release|Any CPU.Build.0 = Release|Any CPU
	EndGlobalSection
	GlobalSection(SolutionProperties) = preSolution
		HideSolutionNode = FALSE
	EndGlobalSection
	GlobalSection(ExtensibilityGlobals) = postSolution
		SolutionGuid = {EB51F204-E908-45B0-8144-2BEFF376E208}
	EndGlobalSection
EndGlobal
